[[package]]
name = "beautifulsoup4"
version = "4.9.3"
description = "Screen-scraping library"
category = "main"
optional = false
python-versions = "*"

[package.dependencies]
soupsieve = {version = ">1.2", markers = "python_version >= \"3.0\""}

[package.extras]
html5lib = ["html5lib"]
lxml = ["lxml"]

[[package]]
name = "bs4"
version = "0.0.1"
description = "Dummy package for Beautiful Soup"
category = "main"
optional = false
python-versions = "*"

[package.dependencies]
beautifulsoup4 = "*"

[[package]]
name = "certifi"
version = "2020.12.5"
description = "Python package for providing Mozilla's CA Bundle."
category = "main"
optional = false
python-versions = "*"

[[package]]
name = "chardet"
version = "4.0.0"
description = "Universal encoding detector for Python 2 and 3"
category = "main"
optional = false
python-versions = ">=2.7, !=3.0.*, !=3.1.*, !=3.2.*, !=3.3.*, !=3.4.*"

[[package]]
name = "geographiclib"
version = "1.50"
description = "The geodesic routines from GeographicLib"
category = "main"
optional = false
python-versions = "*"

[[package]]
name = "geopy"
version = "2.1.0"
description = "Python Geocoding Toolbox"
category = "main"
optional = false
python-versions = ">=3.5"

[package.dependencies]
geographiclib = ">=1.49,<2"

[package.extras]
aiohttp = ["aiohttp"]
dev = ["async-generator", "flake8 (>=3.8.0,<3.9.0)", "isort (>=5.6.0,<5.7.0)", "coverage", "pytest-aiohttp", "pytest (>=3.10)", "readme-renderer", "sphinx", "sphinx-issues", "sphinx-rtd-theme (>=0.5.0)"]
dev-docs = ["readme-renderer", "sphinx", "sphinx-issues", "sphinx-rtd-theme (>=0.5.0)"]
dev-lint = ["async-generator", "flake8 (>=3.8.0,<3.9.0)", "isort (>=5.6.0,<5.7.0)"]
dev-test = ["async-generator", "coverage", "pytest-aiohttp", "pytest (>=3.10)"]
requests = ["urllib3 (>=1.24.2)", "requests (>=2.16.2)"]
timezone = ["pytz"]

[[package]]
name = "idna"
version = "2.10"
description = "Internationalized Domain Names in Applications (IDNA)"
category = "main"
optional = false
python-versions = ">=2.7, !=3.0.*, !=3.1.*, !=3.2.*, !=3.3.*"

[[package]]
name = "minify-html"
version = "0.4.6"
description = "Extremely fast and smart HTML + JS + CSS minifier"
category = "main"
optional = false
python-versions = "*"

[[package]]
name = "numpy"
version = "1.20.2"
description = "NumPy is the fundamental package for array computing with Python."
category = "main"
optional = false
python-versions = ">=3.7"

[[package]]
name = "pandas"
version = "1.2.3"
description = "Powerful data structures for data analysis, time series, and statistics"
category = "main"
optional = false
python-versions = ">=3.7.1"

[package.dependencies]
numpy = ">=1.16.5"
python-dateutil = ">=2.7.3"
pytz = ">=2017.3"

[package.extras]
test = ["pytest (>=5.0.1)", "pytest-xdist", "hypothesis (>=3.58)"]

[[package]]
name = "pretty-html-table"
version = "0.9.dev0"
description = "Make pandas dataframe looking pretty again"
category = "main"
optional = false
python-versions = "*"

[package.dependencies]
pandas = "*"

[[package]]
name = "pyarrow"
version = "3.0.0"
description = "Python library for Apache Arrow"
category = "main"
optional = false
python-versions = ">=3.6"

[package.dependencies]
numpy = ">=1.16.6"

[[package]]
name = "python-dateutil"
version = "2.8.1"
description = "Extensions to the standard Python datetime module"
category = "main"
optional = false
python-versions = "!=3.0.*,!=3.1.*,!=3.2.*,>=2.7"

[package.dependencies]
six = ">=1.5"

[[package]]
name = "pytz"
version = "2021.1"
description = "World timezone definitions, modern and historical"
category = "main"
optional = false
python-versions = "*"

[[package]]
name = "requests"
version = "2.25.1"
description = "Python HTTP for Humans."
category = "main"
optional = false
python-versions = ">=2.7, !=3.0.*, !=3.1.*, !=3.2.*, !=3.3.*, !=3.4.*"

[package.dependencies]
certifi = ">=2017.4.17"
chardet = ">=3.0.2,<5"
idna = ">=2.5,<3"
urllib3 = ">=1.21.1,<1.27"

[package.extras]
security = ["pyOpenSSL (>=0.14)", "cryptography (>=1.3.4)"]
socks = ["PySocks (>=1.5.6,!=1.5.7)", "win-inet-pton"]

[[package]]
name = "six"
version = "1.15.0"
description = "Python 2 and 3 compatibility utilities"
category = "main"
optional = false
python-versions = ">=2.7, !=3.0.*, !=3.1.*, !=3.2.*"

[[package]]
name = "soupsieve"
version = "2.2.1"
description = "A modern CSS selector implementation for Beautiful Soup."
category = "main"
optional = false
python-versions = ">=3.6"

[[package]]
name = "urllib3"
version = "1.26.4"
description = "HTTP library with thread-safe connection pooling, file post, and more."
category = "main"
optional = false
python-versions = ">=2.7, !=3.0.*, !=3.1.*, !=3.2.*, !=3.3.*, !=3.4.*, <4"

[package.extras]
secure = ["pyOpenSSL (>=0.14)", "cryptography (>=1.3.4)", "idna (>=2.0.0)", "certifi", "ipaddress"]
socks = ["PySocks (>=1.5.6,!=1.5.7,<2.0)"]
brotli = ["brotlipy (>=0.6.0)"]

[metadata]
lock-version = "1.1"
python-versions = "^3.7.1"
content-hash = "f5f0c5063620569f3f0deaea2a41dc94fcfabed7ae2bbc58bb996103f497c14e"

[metadata.files]
beautifulsoup4 = [
    {file = "beautifulsoup4-4.9.3-py2-none-any.whl", hash = "sha256:4c98143716ef1cb40bf7f39a8e3eec8f8b009509e74904ba3a7b315431577e35"},
    {file = "beautifulsoup4-4.9.3-py3-none-any.whl", hash = "sha256:fff47e031e34ec82bf17e00da8f592fe7de69aeea38be00523c04623c04fb666"},
    {file = "beautifulsoup4-4.9.3.tar.gz", hash = "sha256:84729e322ad1d5b4d25f805bfa05b902dd96450f43842c4e99067d5e1369eb25"},
]
bs4 = [
    {file = "bs4-0.0.1.tar.gz", hash = "sha256:36ecea1fd7cc5c0c6e4a1ff075df26d50da647b75376626cc186e2212886dd3a"},
]
certifi = [
    {file = "certifi-2020.12.5-py2.py3-none-any.whl", hash = "sha256:719a74fb9e33b9bd44cc7f3a8d94bc35e4049deebe19ba7d8e108280cfd59830"},
    {file = "certifi-2020.12.5.tar.gz", hash = "sha256:1a4995114262bffbc2413b159f2a1a480c969de6e6eb13ee966d470af86af59c"},
]
chardet = [
    {file = "chardet-4.0.0-py2.py3-none-any.whl", hash = "sha256:f864054d66fd9118f2e67044ac8981a54775ec5b67aed0441892edb553d21da5"},
    {file = "chardet-4.0.0.tar.gz", hash = "sha256:0d6f53a15db4120f2b08c94f11e7d93d2c911ee118b6b30a04ec3ee8310179fa"},
]
geographiclib = [
    {file = "geographiclib-1.50-py3-none-any.whl", hash = "sha256:51cfa698e7183792bce27d8fb63ac8e83689cd8170a730bf35e1a5c5bf8849b9"},
    {file = "geographiclib-1.50.tar.gz", hash = "sha256:12bd46ee7ec25b291ea139b17aa991e7ef373e21abd053949b75c0e9ca55c632"},
]
geopy = [
    {file = "geopy-2.1.0-py3-none-any.whl", hash = "sha256:4db8a2b79a2b3358a7d020ea195be639251a831a1b429c0d1b20c9f00c67c788"},
    {file = "geopy-2.1.0.tar.gz", hash = "sha256:892b219413e7955587b029949af3a1949c6fbac9d5ad17b79d850718f6a9550f"},
]
idna = [
    {file = "idna-2.10-py2.py3-none-any.whl", hash = "sha256:b97d804b1e9b523befed77c48dacec60e6dcb0b5391d57af6a65a312a90648c0"},
    {file = "idna-2.10.tar.gz", hash = "sha256:b307872f855b18632ce0c21c5e45be78c0ea7ae4c15c828c20788b26921eb3f6"},
]
minify-html = [
    {file = "minify_html-0.4.6-cp37-cp37m-macosx_10_7_x86_64.whl", hash = "sha256:122590e95376c57f9024f981911fb44119d55f5a0b7ecae502bcfb401d59b2b0"},
    {file = "minify_html-0.4.6-cp37-cp37m-manylinux2010_x86_64.whl", hash = "sha256:3655dc02d1720f15a3d034e6e59bf1a37cac892c0b45318ae00e1386bd0b0501"},
    {file = "minify_html-0.4.6-cp37-none-win_amd64.whl", hash = "sha256:88f561b725a6b8b73d725e334e7a0057ef8df0b862035866db267f2cb001fee9"},
    {file = "minify_html-0.4.6-cp38-cp38-macosx_10_7_x86_64.whl", hash = "sha256:fb4bacf374416c99eb5d7ab777cdce71f185e6ed7bc8407e92678c47314cc461"},
    {file = "minify_html-0.4.6-cp38-cp38-manylinux2010_x86_64.whl", hash = "sha256:6536dc059204c61426075a0ad8d3be7e9cb99bbdaf60534a9f78102e0400b1c6"},
    {file = "minify_html-0.4.6-cp38-none-win_amd64.whl", hash = "sha256:e0dc1c10e4a407a88a13dc2797730dc01d56682f4016a664ad6b9d7ff9136f7b"},
    {file = "minify_html-0.4.6-cp39-cp39-macosx_10_7_x86_64.whl", hash = "sha256:6d7e3289beecc982e230bfbefd23f691d8112761eab3d4b3dab63ef0797ea7f0"},
    {file = "minify_html-0.4.6-cp39-cp39-manylinux2010_x86_64.whl", hash = "sha256:0e66fe4a8836861919c289d15be8fdab8ec4ec9f2811c9006a7e0a5a040892b7"},
    {file = "minify_html-0.4.6-cp39-none-win_amd64.whl", hash = "sha256:46d718ed715777e5deabd41fda39abc89680c2230fcd18f9534358c0270f8857"},
]
numpy = [
    {file = "numpy-1.20.2-cp37-cp37m-macosx_10_9_x86_64.whl", hash = "sha256:e9459f40244bb02b2f14f6af0cd0732791d72232bbb0dc4bab57ef88e75f6935"},
    {file = "numpy-1.20.2-cp37-cp37m-manylinux1_i686.whl", hash = "sha256:a8e6859913ec8eeef3dbe9aed3bf475347642d1cdd6217c30f28dee8903528e6"},
    {file = "numpy-1.20.2-cp37-cp37m-manylinux1_x86_64.whl", hash = "sha256:9cab23439eb1ebfed1aaec9cd42b7dc50fc96d5cd3147da348d9161f0501ada5"},
    {file = "numpy-1.20.2-cp37-cp37m-manylinux2010_i686.whl", hash = "sha256:9c0fab855ae790ca74b27e55240fe4f2a36a364a3f1ebcfd1fb5ac4088f1cec3"},
    {file = "numpy-1.20.2-cp37-cp37m-manylinux2010_x86_64.whl", hash = "sha256:61d5b4cf73622e4d0c6b83408a16631b670fc045afd6540679aa35591a17fe6d"},
    {file = "numpy-1.20.2-cp37-cp37m-manylinux2014_aarch64.whl", hash = "sha256:d15007f857d6995db15195217afdbddfcd203dfaa0ba6878a2f580eaf810ecd6"},
    {file = "numpy-1.20.2-cp37-cp37m-win32.whl", hash = "sha256:d76061ae5cab49b83a8cf3feacefc2053fac672728802ac137dd8c4123397677"},
    {file = "numpy-1.20.2-cp37-cp37m-win_amd64.whl", hash = "sha256:bad70051de2c50b1a6259a6df1daaafe8c480ca98132da98976d8591c412e737"},
    {file = "numpy-1.20.2-cp38-cp38-macosx_10_9_x86_64.whl", hash = "sha256:719656636c48be22c23641859ff2419b27b6bdf844b36a2447cb39caceb00935"},
    {file = "numpy-1.20.2-cp38-cp38-manylinux1_i686.whl", hash = "sha256:aa046527c04688af680217fffac61eec2350ef3f3d7320c07fd33f5c6e7b4d5f"},
    {file = "numpy-1.20.2-cp38-cp38-manylinux1_x86_64.whl", hash = "sha256:2428b109306075d89d21135bdd6b785f132a1f5a3260c371cee1fae427e12727"},
    {file = "numpy-1.20.2-cp38-cp38-manylinux2010_i686.whl", hash = "sha256:e8e4fbbb7e7634f263c5b0150a629342cc19b47c5eba8d1cd4363ab3455ab576"},
    {file = "numpy-1.20.2-cp38-cp38-manylinux2010_x86_64.whl", hash = "sha256:edb1f041a9146dcf02cd7df7187db46ab524b9af2515f392f337c7cbbf5b52cd"},
    {file = "numpy-1.20.2-cp38-cp38-manylinux2014_aarch64.whl", hash = "sha256:c73a7975d77f15f7f68dacfb2bca3d3f479f158313642e8ea9058eea06637931"},
    {file = "numpy-1.20.2-cp38-cp38-win32.whl", hash = "sha256:6c915ee7dba1071554e70a3664a839fbc033e1d6528199d4621eeaaa5487ccd2"},
    {file = "numpy-1.20.2-cp38-cp38-win_amd64.whl", hash = "sha256:471c0571d0895c68da309dacee4e95a0811d0a9f9f532a48dc1bea5f3b7ad2b7"},
    {file = "numpy-1.20.2-cp39-cp39-macosx_10_9_x86_64.whl", hash = "sha256:4703b9e937df83f5b6b7447ca5912b5f5f297aba45f91dbbbc63ff9278c7aa98"},
    {file = "numpy-1.20.2-cp39-cp39-manylinux2010_i686.whl", hash = "sha256:abc81829c4039e7e4c30f7897938fa5d4916a09c2c7eb9b244b7a35ddc9656f4"},
    {file = "numpy-1.20.2-cp39-cp39-manylinux2010_x86_64.whl", hash = "sha256:377751954da04d4a6950191b20539066b4e19e3b559d4695399c5e8e3e683bf6"},
    {file = "numpy-1.20.2-cp39-cp39-manylinux2014_aarch64.whl", hash = "sha256:6e51e417d9ae2e7848314994e6fc3832c9d426abce9328cf7571eefceb43e6c9"},
    {file = "numpy-1.20.2-cp39-cp39-win32.whl", hash = "sha256:780ae5284cb770ade51d4b4a7dce4faa554eb1d88a56d0e8b9f35fca9b0270ff"},
    {file = "numpy-1.20.2-cp39-cp39-win_amd64.whl", hash = "sha256:924dc3f83de20437de95a73516f36e09918e9c9c18d5eac520062c49191025fb"},
    {file = "numpy-1.20.2-pp37-pypy37_pp73-manylinux2010_x86_64.whl", hash = "sha256:97ce8b8ace7d3b9288d88177e66ee75480fb79b9cf745e91ecfe65d91a856042"},
    {file = "numpy-1.20.2.zip", hash = "sha256:878922bf5ad7550aa044aa9301d417e2d3ae50f0f577de92051d739ac6096cee"},
]
pandas = [
    {file = "pandas-1.2.3-cp37-cp37m-macosx_10_9_x86_64.whl", hash = "sha256:4d821b9b911fc1b7d428978d04ace33f0af32bb7549525c8a7b08444bce46b74"},
    {file = "pandas-1.2.3-cp37-cp37m-manylinux1_i686.whl", hash = "sha256:9f5829e64507ad10e2561b60baf285c470f3c4454b007c860e77849b88865ae7"},
    {file = "pandas-1.2.3-cp37-cp37m-manylinux1_x86_64.whl", hash = "sha256:97b1954533b2a74c7e20d1342c4f01311d3203b48f2ebf651891e6a6eaf01104"},
    {file = "pandas-1.2.3-cp37-cp37m-win32.whl", hash = "sha256:5e3c8c60541396110586bcbe6eccdc335a38e7de8c217060edaf4722260b158f"},
    {file = "pandas-1.2.3-cp37-cp37m-win_amd64.whl", hash = "sha256:8a051e957c5206f722e83f295f95a2cf053e890f9a1fba0065780a8c2d045f5d"},
    {file = "pandas-1.2.3-cp38-cp38-macosx_10_9_x86_64.whl", hash = "sha256:a93e34f10f67d81de706ce00bf8bb3798403cabce4ccb2de10c61b5ae8786ab5"},
    {file = "pandas-1.2.3-cp38-cp38-manylinux1_i686.whl", hash = "sha256:46fc671c542a8392a4f4c13edc8527e3a10f6cb62912d856f82248feb747f06e"},
    {file = "pandas-1.2.3-cp38-cp38-manylinux1_x86_64.whl", hash = "sha256:43e00770552595c2250d8d712ec8b6e08ca73089ac823122344f023efa4abea3"},
    {file = "pandas-1.2.3-cp38-cp38-win32.whl", hash = "sha256:475b7772b6e18a93a43ea83517932deff33954a10d4fbae18d0c1aba4182310f"},
    {file = "pandas-1.2.3-cp38-cp38-win_amd64.whl", hash = "sha256:72ffcea00ae8ffcdbdefff800284311e155fbb5ed6758f1a6110fc1f8f8f0c1c"},
    {file = "pandas-1.2.3-cp39-cp39-macosx_10_9_x86_64.whl", hash = "sha256:621c044a1b5e535cf7dcb3ab39fca6f867095c3ef223a524f18f60c7fee028ea"},
    {file = "pandas-1.2.3-cp39-cp39-manylinux1_i686.whl", hash = "sha256:0f27fd1adfa256388dc34895ca5437eaf254832223812afd817a6f73127f969c"},
    {file = "pandas-1.2.3-cp39-cp39-manylinux1_x86_64.whl", hash = "sha256:dbb255975eb94143f2e6ec7dadda671d25147939047839cd6b8a4aff0379bb9b"},
    {file = "pandas-1.2.3-cp39-cp39-win32.whl", hash = "sha256:d59842a5aa89ca03c2099312163ffdd06f56486050e641a45d926a072f04d994"},
    {file = "pandas-1.2.3-cp39-cp39-win_amd64.whl", hash = "sha256:09761bf5f8c741d47d4b8b9073288de1be39bbfccc281d70b889ade12b2aad29"},
    {file = "pandas-1.2.3.tar.gz", hash = "sha256:df6f10b85aef7a5bb25259ad651ad1cc1d6bb09000595cab47e718cbac250b1d"},
]
pretty-html-table = [
    {file = "pretty_html_table-0.9.dev0.tar.gz", hash = "sha256:63b3ce16ab1abdbc4888094ba792908666122eafe3fd98ed127efbb4dd3ac0f9"},
]
pyarrow = [
    {file = "pyarrow-3.0.0-cp36-cp36m-macosx_10_13_x86_64.whl", hash = "sha256:03e2435da817bc2b5d0fad6f2e53305eb36c24004ddfcb2b30e4217a1a80cf22"},
    {file = "pyarrow-3.0.0-cp36-cp36m-macosx_10_9_x86_64.whl", hash = "sha256:2be3a9eab4bfd00024dc3c83fa03de1c1d04a0f47ebaf3dc483cd100546eacbf"},
    {file = "pyarrow-3.0.0-cp36-cp36m-manylinux2010_x86_64.whl", hash = "sha256:a76031ef19d11db2fef79a97cc69997c97bea35aa07efbe042a177c7e3b1a390"},
    {file = "pyarrow-3.0.0-cp36-cp36m-manylinux2014_x86_64.whl", hash = "sha256:a07e286e81ceb20f8f0c45f69760d2ebc434fe83794d5f9b44f89fc2dc6dc24d"},
    {file = "pyarrow-3.0.0-cp36-cp36m-win_amd64.whl", hash = "sha256:cfea99a01d844c3db5e25374a6cdcf3b5ba1698bfe95d41272c295a4581e884c"},
    {file = "pyarrow-3.0.0-cp37-cp37m-macosx_10_13_x86_64.whl", hash = "sha256:d5666a7fa2668f3ff95df028c2072d59e8b17e73d682068e8505dafa2688f3cc"},
    {file = "pyarrow-3.0.0-cp37-cp37m-macosx_10_9_x86_64.whl", hash = "sha256:3ea6574d1ae2d9bff7e6e1715f64c31bdc01b42387a5c78311a8ce9c09cfe135"},
    {file = "pyarrow-3.0.0-cp37-cp37m-manylinux2010_x86_64.whl", hash = "sha256:2d5c95eb04a3d2e786e097b53534893eade6c8b3faf10f53a06143384b4446b1"},
    {file = "pyarrow-3.0.0-cp37-cp37m-manylinux2014_x86_64.whl", hash = "sha256:31e6fc0868963aba4e6b8a3e218c9a5ff347bca870d622da0b3d58269d0c5398"},
    {file = "pyarrow-3.0.0-cp37-cp37m-win_amd64.whl", hash = "sha256:960a9b0fd599601ddac42f16d5acf049637ec08957359c6741d6eb2bf0dbae97"},
    {file = "pyarrow-3.0.0-cp38-cp38-macosx_10_13_x86_64.whl", hash = "sha256:2c3353d38d137f1158595b3b18dcef711f3d8fdb57cf7ae2d861d07235064bc1"},
    {file = "pyarrow-3.0.0-cp38-cp38-macosx_10_9_x86_64.whl", hash = "sha256:72206cde1857d5420601feae75f53921cffab4326b42262a858c7b8be67982b7"},
    {file = "pyarrow-3.0.0-cp38-cp38-manylinux2010_x86_64.whl", hash = "sha256:dec007a0f7adba86bd170252140ede01646b45c3a470d5862ce00d8e40cd29bd"},
    {file = "pyarrow-3.0.0-cp38-cp38-manylinux2014_x86_64.whl", hash = "sha256:bf6684fe9e38f8ddb696e38901461eab783ec1d565974ebd5862270320b3e27f"},
    {file = "pyarrow-3.0.0-cp38-cp38-win_amd64.whl", hash = "sha256:3b46487c45faaea8d1a5aa65002e2832ae2e1c9e68ecb461cda4fa59891cf490"},
    {file = "pyarrow-3.0.0-cp39-cp39-macosx_10_13_x86_64.whl", hash = "sha256:978bbe8ec9090d1133a25f00f32ed92600f9d315fbfa29a17952bee01f0d7fe5"},
    {file = "pyarrow-3.0.0-cp39-cp39-macosx_10_9_x86_64.whl", hash = "sha256:b7a8903f2b8a80498725ef5d4a35cd7dd5a98b74e080d42692545e61a6cbfbe4"},
    {file = "pyarrow-3.0.0-cp39-cp39-manylinux2010_x86_64.whl", hash = "sha256:b1cf92df9f336f31706249e543dc0ffce3c67a78204ce540f1173c6c07dfafec"},
    {file = "pyarrow-3.0.0-cp39-cp39-manylinux2014_x86_64.whl", hash = "sha256:b08c119cc2b9fcd1567797fedb245a2f4352a3084a22b7298272afe7cf7a4730"},
    {file = "pyarrow-3.0.0-cp39-cp39-win_amd64.whl", hash = "sha256:5faa2dc73444bdcf042f121383965a47362be1f946303d46e8fd80f8d26cd90c"},
    {file = "pyarrow-3.0.0.tar.gz", hash = "sha256:4bf8cc43e1db1e0517466209ee8e8f459d9b5e1b4074863317f2a965cf59889e"},
]
python-dateutil = [
    {file = "python-dateutil-2.8.1.tar.gz", hash = "sha256:73ebfe9dbf22e832286dafa60473e4cd239f8592f699aa5adaf10050e6e1823c"},
    {file = "python_dateutil-2.8.1-py2.py3-none-any.whl", hash = "sha256:75bb3f31ea686f1197762692a9ee6a7550b59fc6ca3a1f4b5d7e32fb98e2da2a"},
]
pytz = [
    {file = "pytz-2021.1-py2.py3-none-any.whl", hash = "sha256:eb10ce3e7736052ed3623d49975ce333bcd712c7bb19a58b9e2089d4057d0798"},
    {file = "pytz-2021.1.tar.gz", hash = "sha256:83a4a90894bf38e243cf052c8b58f381bfe9a7a483f6a9cab140bc7f702ac4da"},
]
requests = [
    {file = "requests-2.25.1-py2.py3-none-any.whl", hash = "sha256:c210084e36a42ae6b9219e00e48287def368a26d03a048ddad7bfee44f75871e"},
    {file = "requests-2.25.1.tar.gz", hash = "sha256:27973dd4a904a4f13b263a19c866c13b92a39ed1c964655f025f3f8d3d75b804"},
]
six = [
    {file = "six-1.15.0-py2.py3-none-any.whl", hash = "sha256:8b74bedcbbbaca38ff6d7491d76f2b06b3592611af620f8426e82dddb04a5ced"},
    {file = "six-1.15.0.tar.gz", hash = "sha256:30639c035cdb23534cd4aa2dd52c3bf48f06e5f4a941509c8bafd8ce11080259"},
]
soupsieve = [
    {file = "soupsieve-2.2.1-py3-none-any.whl", hash = "sha256:c2c1c2d44f158cdbddab7824a9af8c4f83c76b1e23e049479aa432feb6c4c23b"},
    {file = "soupsieve-2.2.1.tar.gz", hash = "sha256:052774848f448cf19c7e959adf5566904d525f33a3f8b6ba6f6f8f26ec7de0cc"},
]
urllib3 = [
    {file = "urllib3-1.26.4-py2.py3-none-any.whl", hash = "sha256:2f4da4594db7e1e110a944bb1b551fdf4e6c136ad42e4234131391e21eb5b0df"},
    {file = "urllib3-1.26.4.tar.gz", hash = "sha256:e7b021f7241115872f92f43c6508082facffbd1c048e3c6e2bb9c2a157e28937"},
]
